# This file is autogenerated, do not edit; changes may be undone by the next 'dep ensure'.


[[projects]]
  name = "github.com/Jeffail/gabs"
  packages = ["."]
  revision = "7a0fed31069aba77993a518cc2f37b28ee7aa883"
  version = "1.1"

[[projects]]
  branch = "master"
  name = "github.com/RocketChat/Rocket.Chat.Go.SDK"
  packages = [
    "models",
    "realtime"
  ]
  revision = "c29d9a4853613c0e59fb27add843c7b28b14ec69"

[[projects]]
  name = "github.com/andygrunwald/go-jira"
  packages = ["."]
  revision = "0298784c4606cdf01e99644da115863c052a737c"
  version = "v1.5.0"

[[projects]]
  name = "github.com/fatih/structs"
  packages = ["."]
  revision = "a720dfa8df582c51dee1b36feabb906bde1588bd"
  version = "v1.0"

[[projects]]
  branch = "master"
  name = "github.com/google/go-querystring"
  packages = ["query"]
  revision = "53e6ce116135b80d037921a7fdd5138cf32d7a8a"

[[projects]]
  branch = "master"
  name = "github.com/gopackage/ddp"
  packages = ["."]
  revision = "652027933df47696cba320d7600af91a399ade18"

[[projects]]
  branch = "master"
  name = "github.com/matthew-parlette/houseparty"
  packages = ["."]
  revision = "b2e69e2376365fe6f9c0349c3f55edee7953ff94"

[[projects]]
  name = "github.com/pkg/errors"
  packages = ["."]
  revision = "645ef00459ed84a119197bfb8d8205042c6df63d"
  version = "v0.8.0"

[[projects]]
  name = "github.com/sachaos/todoist"
  packages = ["lib"]
  revision = "37e25f82129e71d6c6638a366b2bb27d7f5f23ec"
  version = "v0.10.1"

[[projects]]
  name = "github.com/satori/go.uuid"
  packages = ["."]
  revision = "f58768cc1a7a7e77a3bd49e98cdd21419399b6a3"
  version = "v1.2.0"

[[projects]]
  name = "github.com/trivago/tgo"
  packages = [
    "tcontainer",
    "treflect"
  ]
  revision = "e4d1ddd28c17dd89ed26327cf69fded22060671b"
  version = "v1.0.1"

[[projects]]
  branch = "master"
  name = "golang.org/x/net"
  packages = ["websocket"]
  revision = "a680a1efc54dd51c040b3b5ce4939ea3cf2ea0d1"

[solve-meta]
  analyzer-name = "dep"
  analyzer-version = 1
  inputs-digest = "1e3d687bcaeb9e4f1352cf210cdaa39904e78f25a8b42709af03c9a56efa6969"
  solver-name = "gps-cdcl"
  solver-version = 1
